
Microsoft Visual Studio Solution File, Format Version 12.00
# Visual Studio Version 16
VisualStudioVersion = 16.0.32126.315
MinimumVisualStudioVersion = 10.0.40219.1
Project("{FAE04EC0-301F-11D3-BF4B-00C04F79EFBC}") = "ConsoleApp5", "ConsoleApp5.csproj", "{A1CA8758-2605-4E6C-8AF1-2E520633650E}"
EndProject
Project("{FAE04EC0-301F-11D3-BF4B-00C04F79EFBC}") = "ConsoleApp5Tests", "..\ConsoleApp5Tests\ConsoleApp5Tests.csproj", "{98066CC3-43E8-43F9-920A-AAC396CB4DB7}"
EndProject
Global
	GlobalSection(SolutionConfigurationPlatforms) = preSolution
		Debug|Any CPU = Debug|Any CPU
		Release|Any CPU = Release|Any CPU
	EndGlobalSection
	GlobalSection(ProjectConfigurationPlatforms) = postSolution
		{A1CA8758-2605-4E6C-8AF1-2E520633650E}.Debug|Any CPU.ActiveCfg = Debug|Any CPU
		{A1CA8758-2605-4E6C-8AF1-2E520633650E}.Debug|Any CPU.Build.0 = Debug|Any CPU
		{A1CA8758-2605-4E6C-8AF1-2E520633650E}.Release|Any CPU.ActiveCfg = Release|Any CPU
		{A1CA8758-2605-4E6C-8AF1-2E520633650E}.Release|Any CPU.Build.0 = Release|Any CPU
		{98066CC3-43E8-43F9-920A-AAC396CB4DB7}.Debug|Any CPU.ActiveCfg = Debug|Any CPU
		{98066CC3-43E8-43F9-920A-AAC396CB4DB7}.Debug|Any CPU.Build.0 = Debug|Any CPU
		{98066CC3-43E8-43F9-920A-AAC396CB4DB7}.Release|Any CPU.ActiveCfg = Release|Any CPU
		{98066CC3-43E8-43F9-920A-AAC396CB4DB7}.Release|Any CPU.Build.0 = Release|Any CPU
	EndGlobalSection
	GlobalSection(SolutionProperties) = preSolution
		HideSolutionNode = FALSE
	EndGlobalSection
	GlobalSection(ExtensibilityGlobals) = postSolution
		SolutionGuid = {AF67B63C-DE6F-4BA2-9236-10B478D23F18}
	EndGlobalSection
EndGlobal
